
Microsoft Visual Studio Solution File, Format Version 12.00
# Visual Studio Version 16
VisualStudioVersion = 16.0.32901.82
MinimumVisualStudioVersion = 10.0.40219.1
Project("{D2ABAB84-BF74-430A-B69E-9DC6D40DDA17}") = "CuboOLAPEvaluacion3", "CuboOLAPEvaluacion3\CuboOLAPEvaluacion3.dwproj", "{03F63840-326B-484C-A146-092D0A4CDBFC}"
EndProject
Global
	GlobalSection(SolutionConfigurationPlatforms) = preSolution
		Development|Default = Development|Default
	EndGlobalSection
	GlobalSection(ProjectConfigurationPlatforms) = postSolution
		{03F63840-326B-484C-A146-092D0A4CDBFC}.Development|Default.ActiveCfg = Development
		{03F63840-326B-484C-A146-092D0A4CDBFC}.Development|Default.Build.0 = Development
		{03F63840-326B-484C-A146-092D0A4CDBFC}.Development|Default.Deploy.0 = Development
	EndGlobalSection
	GlobalSection(SolutionProperties) = preSolution
		HideSolutionNode = FALSE
	EndGlobalSection
	GlobalSection(ExtensibilityGlobals) = postSolution
		SolutionGuid = {0A9D825D-75E1-4A10-B6FB-F7F015AAEC6F}
	EndGlobalSection
EndGlobal
